{
  "name": "tcomb-json-schema",
  "version": "0.3.1",
  "lockfileVersion": 1,
  "requires": true,
  "dependencies": {
    "@types/babel-types": {
      "version": "6.25.1",
      "resolved": "https://registry.npmjs.org/@types/babel-types/-/babel-types-6.25.1.tgz",
      "integrity": "sha512-7Z6r20+HE0viAFhsW0d/UrC1K2tTlpXzGpNlYm8MmCv8z5PbAacFIshrM/MjlGRa5SBqxu2socpy8FHntwZKng==",
      "dev": true
    },
    "@types/eslint-plugin-prettier": {
      "version": "2.2.0",
      "resolved": "https://registry.npmjs.org/@types/eslint-plugin-prettier/-/eslint-plugin-prettier-2.2.0.tgz",
      "integrity": "sha512-x/+VXokaYVDxXw6GyDwBhMRkow8HAXlqYKZGpOdMwNcCZvthpEXiDXAQsi2NJOQJqWiqvXK9OI4l67jdyWt3fw==",
      "dev": true
    },
    "@types/prettier": {
      "version": "1.7.0",
      "resolved": "https://registry.npmjs.org/@types/prettier/-/prettier-1.7.0.tgz",
      "integrity": "sha512-D00I2xKMiiiaauCPqHsunRQcvTiZ/AwcL/TGHx2/g8lfYrthYlkcUhHgtzJvNZMCg+KU7ZAlBxN/y5w5t8ay0A==",
      "dev": true,
      "requires": {
        "@types/babel-types": "6.25.1"
      }
    }
  }
}
